
Microsoft Visual Studio Solution File, Format Version 12.00
# Visual Studio Version 16
VisualStudioVersion = 16.0.30717.126
MinimumVisualStudioVersion = 10.0.40219.1
Project("{FAE04EC0-301F-11D3-BF4B-00C04F79EFBC}") = "DatingApp.API", "DatingApp.API\DatingApp.API.csproj", "{84BB8B6B-DC22-4F0F-A788-32430F56F61D}"
EndProject
Global
	GlobalSection(SolutionConfigurationPlatforms) = preSolution
		Debug|Any CPU = Debug|Any CPU
		Release|Any CPU = Release|Any CPU
	EndGlobalSection
	GlobalSection(ProjectConfigurationPlatforms) = postSolution
		{84BB8B6B-DC22-4F0F-A788-32430F56F61D}.Debug|Any CPU.ActiveCfg = Debug|Any CPU
		{84BB8B6B-DC22-4F0F-A788-32430F56F61D}.Debug|Any CPU.Build.0 = Debug|Any CPU
		{84BB8B6B-DC22-4F0F-A788-32430F56F61D}.Release|Any CPU.ActiveCfg = Release|Any CPU
		{84BB8B6B-DC22-4F0F-A788-32430F56F61D}.Release|Any CPU.Build.0 = Release|Any CPU
	EndGlobalSection
	GlobalSection(SolutionProperties) = preSolution
		HideSolutionNode = FALSE
	EndGlobalSection
	GlobalSection(ExtensibilityGlobals) = postSolution
		SolutionGuid = {6EFD8B5E-87ED-4DCB-82F2-9A87F4E6BD22}
	EndGlobalSection
EndGlobal
